
Microsoft Visual Studio Solution File, Format Version 10.00
# Visual Studio 2008
Project("{8BC9CEB8-8B4A-11D0-8D11-00A0C91BC942}") = "Obj2Bin-MsvcProj", "Obj2Bin-MsvcProj\Obj2Bin-MsvcProj.vcproj", "{495745EB-9038-48B3-BC36-E359DED07CAC}"
	ProjectSection(ProjectDependencies) = postProject
		{93920D98-6C4D-43A6-8579-AA7200EC11D0} = {93920D98-6C4D-43A6-8579-AA7200EC11D0}
	EndProjectSection
EndProject
Project("{8BC9CEB8-8B4A-11D0-8D11-00A0C91BC942}") = "AmjuLibMsvc", "..\..\..\..\Script\AmjuLibMsvc\AmjuLibMsvc\AmjuLibMsvc.vcproj", "{93920D98-6C4D-43A6-8579-AA7200EC11D0}"
EndProject
Global
	GlobalSection(SolutionConfigurationPlatforms) = preSolution
		Debug|Win32 = Debug|Win32
		Release|Win32 = Release|Win32
	EndGlobalSection
	GlobalSection(ProjectConfigurationPlatforms) = postSolution
		{495745EB-9038-48B3-BC36-E359DED07CAC}.Debug|Win32.ActiveCfg = Debug|Win32
		{495745EB-9038-48B3-BC36-E359DED07CAC}.Debug|Win32.Build.0 = Debug|Win32
		{495745EB-9038-48B3-BC36-E359DED07CAC}.Release|Win32.ActiveCfg = Release|Win32
		{495745EB-9038-48B3-BC36-E359DED07CAC}.Release|Win32.Build.0 = Release|Win32
		{93920D98-6C4D-43A6-8579-AA7200EC11D0}.Debug|Win32.ActiveCfg = Debug|Win32
		{93920D98-6C4D-43A6-8579-AA7200EC11D0}.Debug|Win32.Build.0 = Debug|Win32
		{93920D98-6C4D-43A6-8579-AA7200EC11D0}.Release|Win32.ActiveCfg = Release|Win32
		{93920D98-6C4D-43A6-8579-AA7200EC11D0}.Release|Win32.Build.0 = Release|Win32
	EndGlobalSection
	GlobalSection(SolutionProperties) = preSolution
		HideSolutionNode = FALSE
	EndGlobalSection
EndGlobal
